
Microsoft Visual Studio Solution File, Format Version 12.00
# Visual Studio 15
VisualStudioVersion = 15.0.28307.106
MinimumVisualStudioVersion = 10.0.40219.1
Project("{2150E333-8FDC-42A3-9474-1A3956D46DE8}") = "docs", "docs", "{F52CE070-612F-4151-A252-397C1C89C4BB}"
EndProject
Project("{2150E333-8FDC-42A3-9474-1A3956D46DE8}") = "src", "src", "{A5A9EEB8-7A0D-4BBC-8987-0A95236F1256}"
EndProject
Project("{2150E333-8FDC-42A3-9474-1A3956D46DE8}") = "tests", "tests", "{2E29D8D5-DDD3-4D0D-AF6D-EA975559E059}"
EndProject
Project("{2150E333-8FDC-42A3-9474-1A3956D46DE8}") = "Common", "Common", "{81200813-6B7F-456F-9580-6B4D2840A737}"
EndProject
Project("{2150E333-8FDC-42A3-9474-1A3956D46DE8}") = "Core", "Core", "{886705CA-6785-45A0-A966-902E8BC233CA}"
EndProject
Project("{2150E333-8FDC-42A3-9474-1A3956D46DE8}") = "Infrastructure", "Infrastructure", "{D1E60FB9-D31C-4ABD-BFCE-5E0499C5ADEB}"
EndProject
Project("{2150E333-8FDC-42A3-9474-1A3956D46DE8}") = "Presentation", "Presentation", "{AF87920A-F843-41F0-BEBA-ED7D5D35E8B7}"
EndProject
Project("{FAE04EC0-301F-11D3-BF4B-00C04F79EFBC}") = "FreshCo.Retail.Application", "FreshCo.Retail.Application\FreshCo.Retail.Application.csproj", "{EB4510A6-343F-487B-ADCD-DD3D6FB14EF3}"
EndProject
Project("{FAE04EC0-301F-11D3-BF4B-00C04F79EFBC}") = "FreshCo.Retail.Domain", "FreshCo.Retail.Domain\FreshCo.Retail.Domain.csproj", "{7D89E9E7-6530-4F8F-BA2B-8A60CF3B32BB}"
EndProject
Project("{FAE04EC0-301F-11D3-BF4B-00C04F79EFBC}") = "FreshCo.Retail.Data", "FreshCo.Retail.Data\FreshCo.Retail.Data.csproj", "{EF848E4B-F858-413B-A6ED-20269BE16A73}"
EndProject
Project("{FAE04EC0-301F-11D3-BF4B-00C04F79EFBC}") = "FreshCo.Retail.FeatureFiles", "FreshCo.Retail.FeatureFiles\FreshCo.Retail.FeatureFiles.csproj", "{40D9875F-7805-4D21-9345-BC180C2B6D49}"
EndProject
Global
	GlobalSection(SolutionConfigurationPlatforms) = preSolution
		Debug|Any CPU = Debug|Any CPU
		Release|Any CPU = Release|Any CPU
	EndGlobalSection
	GlobalSection(ProjectConfigurationPlatforms) = postSolution
		{EB4510A6-343F-487B-ADCD-DD3D6FB14EF3}.Debug|Any CPU.ActiveCfg = Debug|Any CPU
		{EB4510A6-343F-487B-ADCD-DD3D6FB14EF3}.Debug|Any CPU.Build.0 = Debug|Any CPU
		{EB4510A6-343F-487B-ADCD-DD3D6FB14EF3}.Release|Any CPU.ActiveCfg = Release|Any CPU
		{EB4510A6-343F-487B-ADCD-DD3D6FB14EF3}.Release|Any CPU.Build.0 = Release|Any CPU
		{7D89E9E7-6530-4F8F-BA2B-8A60CF3B32BB}.Debug|Any CPU.ActiveCfg = Debug|Any CPU
		{7D89E9E7-6530-4F8F-BA2B-8A60CF3B32BB}.Debug|Any CPU.Build.0 = Debug|Any CPU
		{7D89E9E7-6530-4F8F-BA2B-8A60CF3B32BB}.Release|Any CPU.ActiveCfg = Release|Any CPU
		{7D89E9E7-6530-4F8F-BA2B-8A60CF3B32BB}.Release|Any CPU.Build.0 = Release|Any CPU
		{EF848E4B-F858-413B-A6ED-20269BE16A73}.Debug|Any CPU.ActiveCfg = Debug|Any CPU
		{EF848E4B-F858-413B-A6ED-20269BE16A73}.Debug|Any CPU.Build.0 = Debug|Any CPU
		{EF848E4B-F858-413B-A6ED-20269BE16A73}.Release|Any CPU.ActiveCfg = Release|Any CPU
		{EF848E4B-F858-413B-A6ED-20269BE16A73}.Release|Any CPU.Build.0 = Release|Any CPU
		{40D9875F-7805-4D21-9345-BC180C2B6D49}.Debug|Any CPU.ActiveCfg = Debug|Any CPU
		{40D9875F-7805-4D21-9345-BC180C2B6D49}.Debug|Any CPU.Build.0 = Debug|Any CPU
		{40D9875F-7805-4D21-9345-BC180C2B6D49}.Release|Any CPU.ActiveCfg = Release|Any CPU
		{40D9875F-7805-4D21-9345-BC180C2B6D49}.Release|Any CPU.Build.0 = Release|Any CPU
	EndGlobalSection
	GlobalSection(SolutionProperties) = preSolution
		HideSolutionNode = FALSE
	EndGlobalSection
	GlobalSection(NestedProjects) = preSolution
		{81200813-6B7F-456F-9580-6B4D2840A737} = {A5A9EEB8-7A0D-4BBC-8987-0A95236F1256}
		{886705CA-6785-45A0-A966-902E8BC233CA} = {A5A9EEB8-7A0D-4BBC-8987-0A95236F1256}
		{D1E60FB9-D31C-4ABD-BFCE-5E0499C5ADEB} = {A5A9EEB8-7A0D-4BBC-8987-0A95236F1256}
		{AF87920A-F843-41F0-BEBA-ED7D5D35E8B7} = {A5A9EEB8-7A0D-4BBC-8987-0A95236F1256}
		{EB4510A6-343F-487B-ADCD-DD3D6FB14EF3} = {886705CA-6785-45A0-A966-902E8BC233CA}
		{7D89E9E7-6530-4F8F-BA2B-8A60CF3B32BB} = {886705CA-6785-45A0-A966-902E8BC233CA}
		{EF848E4B-F858-413B-A6ED-20269BE16A73} = {886705CA-6785-45A0-A966-902E8BC233CA}
		{40D9875F-7805-4D21-9345-BC180C2B6D49} = {2E29D8D5-DDD3-4D0D-AF6D-EA975559E059}
	EndGlobalSection
	GlobalSection(ExtensibilityGlobals) = postSolution
		SolutionGuid = {79E7701C-BB54-49BC-9498-89BF1BBD8DA8}
	EndGlobalSection
EndGlobal
